
Microsoft Visual Studio Solution File, Format Version 12.00
# Visual Studio Version 16
VisualStudioVersion = 16.0.31424.327
MinimumVisualStudioVersion = 10.0.40219.1
Project("{FAE04EC0-301F-11D3-BF4B-00C04F79EFBC}") = "Desafio_DIO_Catalogo", "Desafio_DIO_Catalogo\Desafio_DIO_Catalogo.csproj", "{12F03C4B-73BF-46FE-8D5D-FEC492C02307}"
EndProject
Global
	GlobalSection(SolutionConfigurationPlatforms) = preSolution
		Debug|Any CPU = Debug|Any CPU
		Release|Any CPU = Release|Any CPU
	EndGlobalSection
	GlobalSection(ProjectConfigurationPlatforms) = postSolution
		{12F03C4B-73BF-46FE-8D5D-FEC492C02307}.Debug|Any CPU.ActiveCfg = Debug|Any CPU
		{12F03C4B-73BF-46FE-8D5D-FEC492C02307}.Debug|Any CPU.Build.0 = Debug|Any CPU
		{12F03C4B-73BF-46FE-8D5D-FEC492C02307}.Release|Any CPU.ActiveCfg = Release|Any CPU
		{12F03C4B-73BF-46FE-8D5D-FEC492C02307}.Release|Any CPU.Build.0 = Release|Any CPU
	EndGlobalSection
	GlobalSection(SolutionProperties) = preSolution
		HideSolutionNode = FALSE
	EndGlobalSection
	GlobalSection(ExtensibilityGlobals) = postSolution
		SolutionGuid = {22D60181-CF7E-404A-BA35-BC2AAC5CF444}
	EndGlobalSection
EndGlobal
